
Microsoft Visual Studio Solution File, Format Version 12.00
# Visual Studio Version 17
VisualStudioVersion = 17.3.32901.215
MinimumVisualStudioVersion = 10.0.40219.1
Project("{FAE04EC0-301F-11D3-BF4B-00C04F79EFBC}") = "Oef_01_01", "Oef_01_01.csproj", "{F315E0A4-F0F2-492D-B1F2-40A2BC5259D9}"
EndProject
Global
	GlobalSection(SolutionConfigurationPlatforms) = preSolution
		Debug|Any CPU = Debug|Any CPU
		Release|Any CPU = Release|Any CPU
	EndGlobalSection
	GlobalSection(ProjectConfigurationPlatforms) = postSolution
		{F315E0A4-F0F2-492D-B1F2-40A2BC5259D9}.Debug|Any CPU.ActiveCfg = Debug|Any CPU
		{F315E0A4-F0F2-492D-B1F2-40A2BC5259D9}.Debug|Any CPU.Build.0 = Debug|Any CPU
		{F315E0A4-F0F2-492D-B1F2-40A2BC5259D9}.Release|Any CPU.ActiveCfg = Release|Any CPU
		{F315E0A4-F0F2-492D-B1F2-40A2BC5259D9}.Release|Any CPU.Build.0 = Release|Any CPU
	EndGlobalSection
	GlobalSection(SolutionProperties) = preSolution
		HideSolutionNode = FALSE
	EndGlobalSection
	GlobalSection(ExtensibilityGlobals) = postSolution
		SolutionGuid = {CE5AA23A-7666-4618-A024-6DC72F83FB37}
	EndGlobalSection
EndGlobal
