
Microsoft Visual Studio Solution File, Format Version 12.00
# Visual Studio Version 17
VisualStudioVersion = 17.3.32901.215
MinimumVisualStudioVersion = 10.0.40219.1
Project("{FAE04EC0-301F-11D3-BF4B-00C04F79EFBC}") = "Oef_06_06", "Oef_06_06.csproj", "{D5E52518-3507-4363-B071-5E18DF4B430A}"
EndProject
Global
	GlobalSection(SolutionConfigurationPlatforms) = preSolution
		Debug|Any CPU = Debug|Any CPU
		Release|Any CPU = Release|Any CPU
	EndGlobalSection
	GlobalSection(ProjectConfigurationPlatforms) = postSolution
		{D5E52518-3507-4363-B071-5E18DF4B430A}.Debug|Any CPU.ActiveCfg = Debug|Any CPU
		{D5E52518-3507-4363-B071-5E18DF4B430A}.Debug|Any CPU.Build.0 = Debug|Any CPU
		{D5E52518-3507-4363-B071-5E18DF4B430A}.Release|Any CPU.ActiveCfg = Release|Any CPU
		{D5E52518-3507-4363-B071-5E18DF4B430A}.Release|Any CPU.Build.0 = Release|Any CPU
	EndGlobalSection
	GlobalSection(SolutionProperties) = preSolution
		HideSolutionNode = FALSE
	EndGlobalSection
	GlobalSection(ExtensibilityGlobals) = postSolution
		SolutionGuid = {20CE7F41-EB46-4912-9354-FF1CD14AB737}
	EndGlobalSection
EndGlobal
