
Microsoft Visual Studio Solution File, Format Version 12.00
# Visual Studio Version 17
VisualStudioVersion = 17.3.32901.215
MinimumVisualStudioVersion = 10.0.40219.1
Project("{FAE04EC0-301F-11D3-BF4B-00C04F79EFBC}") = "validatie_float", "validatie_float.csproj", "{65DBCE1B-0E1B-4769-9CBC-EB5F7037377D}"
EndProject
Global
	GlobalSection(SolutionConfigurationPlatforms) = preSolution
		Debug|Any CPU = Debug|Any CPU
		Release|Any CPU = Release|Any CPU
	EndGlobalSection
	GlobalSection(ProjectConfigurationPlatforms) = postSolution
		{65DBCE1B-0E1B-4769-9CBC-EB5F7037377D}.Debug|Any CPU.ActiveCfg = Debug|Any CPU
		{65DBCE1B-0E1B-4769-9CBC-EB5F7037377D}.Debug|Any CPU.Build.0 = Debug|Any CPU
		{65DBCE1B-0E1B-4769-9CBC-EB5F7037377D}.Release|Any CPU.ActiveCfg = Release|Any CPU
		{65DBCE1B-0E1B-4769-9CBC-EB5F7037377D}.Release|Any CPU.Build.0 = Release|Any CPU
	EndGlobalSection
	GlobalSection(SolutionProperties) = preSolution
		HideSolutionNode = FALSE
	EndGlobalSection
	GlobalSection(ExtensibilityGlobals) = postSolution
		SolutionGuid = {80C87B98-0CCB-4388-BC90-5CEF617C7891}
	EndGlobalSection
EndGlobal
