
Microsoft Visual Studio Solution File, Format Version 12.00
# Visual Studio Version 17
VisualStudioVersion = 17.3.32901.215
MinimumVisualStudioVersion = 10.0.40219.1
Project("{FAE04EC0-301F-11D3-BF4B-00C04F79EFBC}") = "Oef_07_02", "Oef_07_02.csproj", "{790EE9AF-0F41-42BE-8F41-52D7D2FDAFB7}"
EndProject
Global
	GlobalSection(SolutionConfigurationPlatforms) = preSolution
		Debug|Any CPU = Debug|Any CPU
		Release|Any CPU = Release|Any CPU
	EndGlobalSection
	GlobalSection(ProjectConfigurationPlatforms) = postSolution
		{790EE9AF-0F41-42BE-8F41-52D7D2FDAFB7}.Debug|Any CPU.ActiveCfg = Debug|Any CPU
		{790EE9AF-0F41-42BE-8F41-52D7D2FDAFB7}.Debug|Any CPU.Build.0 = Debug|Any CPU
		{790EE9AF-0F41-42BE-8F41-52D7D2FDAFB7}.Release|Any CPU.ActiveCfg = Release|Any CPU
		{790EE9AF-0F41-42BE-8F41-52D7D2FDAFB7}.Release|Any CPU.Build.0 = Release|Any CPU
	EndGlobalSection
	GlobalSection(SolutionProperties) = preSolution
		HideSolutionNode = FALSE
	EndGlobalSection
	GlobalSection(ExtensibilityGlobals) = postSolution
		SolutionGuid = {1F53AAE4-8B26-4E4C-B609-D9B8A74AD392}
	EndGlobalSection
EndGlobal
