
Microsoft Visual Studio Solution File, Format Version 12.00
# Visual Studio Version 17
VisualStudioVersion = 17.3.32901.215
MinimumVisualStudioVersion = 10.0.40219.1
Project("{FAE04EC0-301F-11D3-BF4B-00C04F79EFBC}") = "Oef_01_03", "Oef_01_03.csproj", "{5A8E690E-CD19-414E-B04C-603E5C7CEA3D}"
EndProject
Global
	GlobalSection(SolutionConfigurationPlatforms) = preSolution
		Debug|Any CPU = Debug|Any CPU
		Release|Any CPU = Release|Any CPU
	EndGlobalSection
	GlobalSection(ProjectConfigurationPlatforms) = postSolution
		{5A8E690E-CD19-414E-B04C-603E5C7CEA3D}.Debug|Any CPU.ActiveCfg = Debug|Any CPU
		{5A8E690E-CD19-414E-B04C-603E5C7CEA3D}.Debug|Any CPU.Build.0 = Debug|Any CPU
		{5A8E690E-CD19-414E-B04C-603E5C7CEA3D}.Release|Any CPU.ActiveCfg = Release|Any CPU
		{5A8E690E-CD19-414E-B04C-603E5C7CEA3D}.Release|Any CPU.Build.0 = Release|Any CPU
	EndGlobalSection
	GlobalSection(SolutionProperties) = preSolution
		HideSolutionNode = FALSE
	EndGlobalSection
	GlobalSection(ExtensibilityGlobals) = postSolution
		SolutionGuid = {49A0EF03-7B12-4E48-ADCD-BFFF93CF8260}
	EndGlobalSection
EndGlobal
