
Microsoft Visual Studio Solution File, Format Version 12.00
# Visual Studio Version 17
VisualStudioVersion = 17.3.32901.215
MinimumVisualStudioVersion = 10.0.40219.1
Project("{FAE04EC0-301F-11D3-BF4B-00C04F79EFBC}") = "Oef4_04_03", "Oef4_04_03.csproj", "{19DEDE88-EA01-4731-9DB1-7DDA2E109044}"
EndProject
Global
	GlobalSection(SolutionConfigurationPlatforms) = preSolution
		Debug|Any CPU = Debug|Any CPU
		Release|Any CPU = Release|Any CPU
	EndGlobalSection
	GlobalSection(ProjectConfigurationPlatforms) = postSolution
		{19DEDE88-EA01-4731-9DB1-7DDA2E109044}.Debug|Any CPU.ActiveCfg = Debug|Any CPU
		{19DEDE88-EA01-4731-9DB1-7DDA2E109044}.Debug|Any CPU.Build.0 = Debug|Any CPU
		{19DEDE88-EA01-4731-9DB1-7DDA2E109044}.Release|Any CPU.ActiveCfg = Release|Any CPU
		{19DEDE88-EA01-4731-9DB1-7DDA2E109044}.Release|Any CPU.Build.0 = Release|Any CPU
	EndGlobalSection
	GlobalSection(SolutionProperties) = preSolution
		HideSolutionNode = FALSE
	EndGlobalSection
	GlobalSection(ExtensibilityGlobals) = postSolution
		SolutionGuid = {0F1BC08E-8FDA-4066-930C-494BB1D80503}
	EndGlobalSection
EndGlobal
