
Microsoft Visual Studio Solution File, Format Version 12.00
# Visual Studio Version 17
VisualStudioVersion = 17.3.32901.215
MinimumVisualStudioVersion = 10.0.40219.1
Project("{FAE04EC0-301F-11D3-BF4B-00C04F79EFBC}") = "Oef_02_00", "Oef_02_00.csproj", "{BF7A65AD-7C96-457D-BE8D-7375AA663F6F}"
EndProject
Global
	GlobalSection(SolutionConfigurationPlatforms) = preSolution
		Debug|Any CPU = Debug|Any CPU
		Release|Any CPU = Release|Any CPU
	EndGlobalSection
	GlobalSection(ProjectConfigurationPlatforms) = postSolution
		{BF7A65AD-7C96-457D-BE8D-7375AA663F6F}.Debug|Any CPU.ActiveCfg = Debug|Any CPU
		{BF7A65AD-7C96-457D-BE8D-7375AA663F6F}.Debug|Any CPU.Build.0 = Debug|Any CPU
		{BF7A65AD-7C96-457D-BE8D-7375AA663F6F}.Release|Any CPU.ActiveCfg = Release|Any CPU
		{BF7A65AD-7C96-457D-BE8D-7375AA663F6F}.Release|Any CPU.Build.0 = Release|Any CPU
	EndGlobalSection
	GlobalSection(SolutionProperties) = preSolution
		HideSolutionNode = FALSE
	EndGlobalSection
	GlobalSection(ExtensibilityGlobals) = postSolution
		SolutionGuid = {B1EB2FEC-D860-4748-9571-E32EE9A602EA}
	EndGlobalSection
EndGlobal
